
Microsoft Visual Studio Solution File, Format Version 12.00
# Visual Studio Version 17
VisualStudioVersion = 17.8.34408.163
MinimumVisualStudioVersion = 10.0.40219.1
Project("{9A19103F-16F7-4668-BE54-9A1E7A4F7556}") = "dotnetmastery8net", "dotnetmastery8net\dotnetmastery8net.csproj", "{3B015FAA-20E3-454B-BFF4-78D6944C08B0}"
EndProject
Project("{FAE04EC0-301F-11D3-BF4B-00C04F79EFBC}") = "RazorDotnetMastery", "RazorDotnetMastery\RazorDotnetMastery.csproj", "{BA7FE123-B3BA-491E-A2D9-14B436D03637}"
EndProject
Global
	GlobalSection(SolutionConfigurationPlatforms) = preSolution
		Debug|Any CPU = Debug|Any CPU
		Release|Any CPU = Release|Any CPU
	EndGlobalSection
	GlobalSection(ProjectConfigurationPlatforms) = postSolution
		{3B015FAA-20E3-454B-BFF4-78D6944C08B0}.Debug|Any CPU.ActiveCfg = Debug|Any CPU
		{3B015FAA-20E3-454B-BFF4-78D6944C08B0}.Debug|Any CPU.Build.0 = Debug|Any CPU
		{3B015FAA-20E3-454B-BFF4-78D6944C08B0}.Release|Any CPU.ActiveCfg = Release|Any CPU
		{3B015FAA-20E3-454B-BFF4-78D6944C08B0}.Release|Any CPU.Build.0 = Release|Any CPU
		{BA7FE123-B3BA-491E-A2D9-14B436D03637}.Debug|Any CPU.ActiveCfg = Debug|Any CPU
		{BA7FE123-B3BA-491E-A2D9-14B436D03637}.Debug|Any CPU.Build.0 = Debug|Any CPU
		{BA7FE123-B3BA-491E-A2D9-14B436D03637}.Release|Any CPU.ActiveCfg = Release|Any CPU
		{BA7FE123-B3BA-491E-A2D9-14B436D03637}.Release|Any CPU.Build.0 = Release|Any CPU
	EndGlobalSection
	GlobalSection(SolutionProperties) = preSolution
		HideSolutionNode = FALSE
	EndGlobalSection
	GlobalSection(ExtensibilityGlobals) = postSolution
		SolutionGuid = {BBBEC7E2-A16A-4CF3-950A-D2034400ABA8}
	EndGlobalSection
EndGlobal
